
Microsoft Visual Studio Solution File, Format Version 12.00
# Visual Studio Version 17
VisualStudioVersion = 17.1.32414.318
MinimumVisualStudioVersion = 10.0.40219.1
Project("{9A19103F-16F7-4668-BE54-9A1E7A4F7556}") = "Jst.SynchubClient", "Jst.SynchubClient\Jst.SynchubClient.csproj", "{FAF90D91-AE15-4EE0-9DE2-CD07136BEA0E}"
EndProject
Project("{9A19103F-16F7-4668-BE54-9A1E7A4F7556}") = "SynchubServer", "SynchubServer\SynchubServer.csproj", "{A86E4540-30F2-4170-91E6-85F017634635}"
EndProject
Global
	GlobalSection(SolutionConfigurationPlatforms) = preSolution
		Debug|Any CPU = Debug|Any CPU
		Release|Any CPU = Release|Any CPU
	EndGlobalSection
	GlobalSection(ProjectConfigurationPlatforms) = postSolution
		{FAF90D91-AE15-4EE0-9DE2-CD07136BEA0E}.Debug|Any CPU.ActiveCfg = Debug|Any CPU
		{FAF90D91-AE15-4EE0-9DE2-CD07136BEA0E}.Debug|Any CPU.Build.0 = Debug|Any CPU
		{FAF90D91-AE15-4EE0-9DE2-CD07136BEA0E}.Release|Any CPU.ActiveCfg = Release|Any CPU
		{FAF90D91-AE15-4EE0-9DE2-CD07136BEA0E}.Release|Any CPU.Build.0 = Release|Any CPU
		{A86E4540-30F2-4170-91E6-85F017634635}.Debug|Any CPU.ActiveCfg = Debug|Any CPU
		{A86E4540-30F2-4170-91E6-85F017634635}.Debug|Any CPU.Build.0 = Debug|Any CPU
		{A86E4540-30F2-4170-91E6-85F017634635}.Release|Any CPU.ActiveCfg = Release|Any CPU
		{A86E4540-30F2-4170-91E6-85F017634635}.Release|Any CPU.Build.0 = Release|Any CPU
	EndGlobalSection
	GlobalSection(SolutionProperties) = preSolution
		HideSolutionNode = FALSE
	EndGlobalSection
	GlobalSection(ExtensibilityGlobals) = postSolution
		SolutionGuid = {6EC989E0-8DBA-4E09-81AA-1BA8043E77B3}
	EndGlobalSection
EndGlobal
